
Microsoft Visual Studio Solution File, Format Version 12.00
# Visual Studio Version 17
VisualStudioVersion = 17.10.35013.160
MinimumVisualStudioVersion = 10.0.40219.1
Project("{9A19103F-16F7-4668-BE54-9A1E7A4F7556}") = "Store", "Store.csproj", "{B71F7859-0854-4268-B153-0A280CC06629}"
EndProject
Global
	GlobalSection(SolutionConfigurationPlatforms) = preSolution
		Debug|Any CPU = Debug|Any CPU
		Release|Any CPU = Release|Any CPU
	EndGlobalSection
	GlobalSection(ProjectConfigurationPlatforms) = postSolution
		{B71F7859-0854-4268-B153-0A280CC06629}.Debug|Any CPU.ActiveCfg = Debug|Any CPU
		{B71F7859-0854-4268-B153-0A280CC06629}.Debug|Any CPU.Build.0 = Debug|Any CPU
		{B71F7859-0854-4268-B153-0A280CC06629}.Release|Any CPU.ActiveCfg = Release|Any CPU
		{B71F7859-0854-4268-B153-0A280CC06629}.Release|Any CPU.Build.0 = Release|Any CPU
	EndGlobalSection
	GlobalSection(SolutionProperties) = preSolution
		HideSolutionNode = FALSE
	EndGlobalSection
	GlobalSection(ExtensibilityGlobals) = postSolution
		SolutionGuid = {E643FCBD-889F-4BC6-A5AD-0BCBACE9C176}
	EndGlobalSection
EndGlobal
